
Microsoft Visual Studio Solution File, Format Version 12.00
# Visual Studio 2012
Project("{FAE04EC0-301F-11D3-BF4B-00C04F79EFBC}") = "Task2", "Task2\Task2.csproj", "{EED355D0-CC37-471A-B981-02B35029F8A8}"
EndProject
Project("{FAE04EC0-301F-11D3-BF4B-00C04F79EFBC}") = "Task1.NUnitTests", "Task1.NUnitTests\Task1.NUnitTests.csproj", "{4C47EA67-BA2C-4A30-87E8-DD4D079A4E27}"
EndProject
Project("{FAE04EC0-301F-11D3-BF4B-00C04F79EFBC}") = "Task1", "Task1\Task1.csproj", "{20ABDCA4-E719-407B-AAD7-1BDD6831A690}"
EndProject
Global
	GlobalSection(SolutionConfigurationPlatforms) = preSolution
		Debug|Any CPU = Debug|Any CPU
		Release|Any CPU = Release|Any CPU
	EndGlobalSection
	GlobalSection(ProjectConfigurationPlatforms) = postSolution
		{EED355D0-CC37-471A-B981-02B35029F8A8}.Debug|Any CPU.ActiveCfg = Debug|Any CPU
		{EED355D0-CC37-471A-B981-02B35029F8A8}.Debug|Any CPU.Build.0 = Debug|Any CPU
		{EED355D0-CC37-471A-B981-02B35029F8A8}.Release|Any CPU.ActiveCfg = Release|Any CPU
		{EED355D0-CC37-471A-B981-02B35029F8A8}.Release|Any CPU.Build.0 = Release|Any CPU
		{4C47EA67-BA2C-4A30-87E8-DD4D079A4E27}.Debug|Any CPU.ActiveCfg = Debug|Any CPU
		{4C47EA67-BA2C-4A30-87E8-DD4D079A4E27}.Debug|Any CPU.Build.0 = Debug|Any CPU
		{4C47EA67-BA2C-4A30-87E8-DD4D079A4E27}.Release|Any CPU.ActiveCfg = Release|Any CPU
		{4C47EA67-BA2C-4A30-87E8-DD4D079A4E27}.Release|Any CPU.Build.0 = Release|Any CPU
		{20ABDCA4-E719-407B-AAD7-1BDD6831A690}.Debug|Any CPU.ActiveCfg = Debug|Any CPU
		{20ABDCA4-E719-407B-AAD7-1BDD6831A690}.Debug|Any CPU.Build.0 = Debug|Any CPU
		{20ABDCA4-E719-407B-AAD7-1BDD6831A690}.Release|Any CPU.ActiveCfg = Release|Any CPU
		{20ABDCA4-E719-407B-AAD7-1BDD6831A690}.Release|Any CPU.Build.0 = Release|Any CPU
	EndGlobalSection
	GlobalSection(SolutionProperties) = preSolution
		HideSolutionNode = FALSE
	EndGlobalSection
EndGlobal
